
Microsoft Visual Studio Solution File, Format Version 12.00
# Visual Studio Version 17
VisualStudioVersion = 17.9.34902.65
MinimumVisualStudioVersion = 10.0.40219.1
Project("{FAE04EC0-301F-11D3-BF4B-00C04F79EFBC}") = "FapApiSample_Framework", "FapApiSample_Framework.csproj", "{9BC7DED2-CAE7-4488-9B65-70D65B47353B}"
EndProject
Global
	GlobalSection(SolutionConfigurationPlatforms) = preSolution
		Debug|Any CPU = Debug|Any CPU
		Release|Any CPU = Release|Any CPU
	EndGlobalSection
	GlobalSection(ProjectConfigurationPlatforms) = postSolution
		{9BC7DED2-CAE7-4488-9B65-70D65B47353B}.Debug|Any CPU.ActiveCfg = Debug|Any CPU
		{9BC7DED2-CAE7-4488-9B65-70D65B47353B}.Debug|Any CPU.Build.0 = Debug|Any CPU
		{9BC7DED2-CAE7-4488-9B65-70D65B47353B}.Release|Any CPU.ActiveCfg = Release|Any CPU
		{9BC7DED2-CAE7-4488-9B65-70D65B47353B}.Release|Any CPU.Build.0 = Release|Any CPU
	EndGlobalSection
	GlobalSection(SolutionProperties) = preSolution
		HideSolutionNode = FALSE
	EndGlobalSection
	GlobalSection(ExtensibilityGlobals) = postSolution
		SolutionGuid = {30089CC0-53D3-42B4-9B86-845D51C400AF}
	EndGlobalSection
EndGlobal
